
Microsoft Visual Studio Solution File, Format Version 12.00
# Visual Studio 15
VisualStudioVersion = 15.0.27512.0
MinimumVisualStudioVersion = 10.0.40219.1
Project("{FAE04EC0-301F-11D3-BF4B-00C04F79EFBC}") = "HelloEf21", "HelloEf21\HelloEf21.csproj", "{6E01CE92-5349-4429-AABE-08D1DC7C8332}"
EndProject
Global
	GlobalSection(SolutionConfigurationPlatforms) = preSolution
		Debug|Any CPU = Debug|Any CPU
		Release|Any CPU = Release|Any CPU
	EndGlobalSection
	GlobalSection(ProjectConfigurationPlatforms) = postSolution
		{6E01CE92-5349-4429-AABE-08D1DC7C8332}.Debug|Any CPU.ActiveCfg = Debug|Any CPU
		{6E01CE92-5349-4429-AABE-08D1DC7C8332}.Debug|Any CPU.Build.0 = Debug|Any CPU
		{6E01CE92-5349-4429-AABE-08D1DC7C8332}.Release|Any CPU.ActiveCfg = Release|Any CPU
		{6E01CE92-5349-4429-AABE-08D1DC7C8332}.Release|Any CPU.Build.0 = Release|Any CPU
	EndGlobalSection
	GlobalSection(SolutionProperties) = preSolution
		HideSolutionNode = FALSE
	EndGlobalSection
	GlobalSection(ExtensibilityGlobals) = postSolution
		SolutionGuid = {11CC3D8C-94DC-4F93-8035-25D8943DA064}
	EndGlobalSection
EndGlobal
